// !$*UTF8*$!
{
	archiveVersion = 1;
	classes = {
	};
	objectVersion = 46;
	objects = {

/* Begin PBXBuildFile section */
		2AE6D526DCF6347D9B6D48CF /* Pods.framework in Frameworks */ = {isa = PBXBuildFile; fileRef = D30CAD5554801A3D6E8E4D0A /* Pods.framework */; settings = {ATTRIBUTES = (Weak, ); }; };
		4787ED461B9A5FDC00C144B4 /* GooglePlus.framework in Frameworks */ = {isa = PBXBuildFile; fileRef = 4787ED451B9A5FDC00C144B4 /* GooglePlus.framework */; };
		4787ED481B9A607900C144B4 /* AddressBook.framework in Frameworks */ = {isa = PBXBuildFile; fileRef = 4787ED471B9A607900C144B4 /* AddressBook.framework */; };
		4787ED4A1B9A608000C144B4 /* AssetsLibrary.framework in Frameworks */ = {isa = PBXBuildFile; fileRef = 4787ED491B9A608000C144B4 /* AssetsLibrary.framework */; };
		4787ED4C1B9A609D00C144B4 /* CoreMotion.framework in Frameworks */ = {isa = PBXBuildFile; fileRef = 4787ED4B1B9A609D00C144B4 /* CoreMotion.framework */; };
		4787ED4E1B9A60AE00C144B4 /* CoreGraphics.framework in Frameworks */ = {isa = PBXBuildFile; fileRef = 4787ED4D1B9A60AE00C144B4 /* CoreGraphics.framework */; };
		4787ED501B9A60B900C144B4 /* CoreText.framework in Frameworks */ = {isa = PBXBuildFile; fileRef = 4787ED4F1B9A60B900C144B4 /* CoreText.framework */; };
		4787ED521B9A60C300C144B4 /* MediaPlayer.framework in Frameworks */ = {isa = PBXBuildFile; fileRef = 4787ED511B9A60C300C144B4 /* MediaPlayer.framework */; };
		4787ED541B9A60CB00C144B4 /* Security.framework in Frameworks */ = {isa = PBXBuildFile; fileRef = 4787ED531B9A60CB00C144B4 /* Security.framework */; };
		4787ED561B9A60D600C144B4 /* SystemConfiguration.framework in Frameworks */ = {isa = PBXBuildFile; fileRef = 4787ED551B9A60D600C144B4 /* SystemConfiguration.framework */; };
		4787ED591B9A611700C144B4 /* GoogleOpenSource.framework in Frameworks */ = {isa = PBXBuildFile; fileRef = 4787ED571B9A611700C144B4 /* GoogleOpenSource.framework */; };
		4787ED5A1B9A611700C144B4 /* GooglePlus.bundle in Resources */ = {isa = PBXBuildFile; fileRef = 4787ED581B9A611700C144B4 /* GooglePlus.bundle */; };
		8C00DD221B890222009450BD /* SendingPictureViewController.swift in Sources */ = {isa = PBXBuildFile; fileRef = 8C00DD211B890222009450BD /* SendingPictureViewController.swift */; };
		8C26557A1B7ED08100648FC5 /* AppDelegate.swift in Sources */ = {isa = PBXBuildFile; fileRef = 8C2655791B7ED08100648FC5 /* AppDelegate.swift */; };
		8C26557C1B7ED08100648FC5 /* ViewController.swift in Sources */ = {isa = PBXBuildFile; fileRef = 8C26557B1B7ED08100648FC5 /* ViewController.swift */; };
		8C26557F1B7ED08100648FC5 /* Main.storyboard in Resources */ = {isa = PBXBuildFile; fileRef = 8C26557D1B7ED08100648FC5 /* Main.storyboard */; };
		8C2655811B7ED08100648FC5 /* Images.xcassets in Resources */ = {isa = PBXBuildFile; fileRef = 8C2655801B7ED08100648FC5 /* Images.xcassets */; };
		8C2655841B7ED08100648FC5 /* LaunchScreen.xib in Resources */ = {isa = PBXBuildFile; fileRef = 8C2655821B7ED08100648FC5 /* LaunchScreen.xib */; };
		8C2655901B7ED08100648FC5 /* PopArtTests.swift in Sources */ = {isa = PBXBuildFile; fileRef = 8C26558F1B7ED08100648FC5 /* PopArtTests.swift */; };
		8C34DAA31B912CC100D9EB8D /* HistoryTableViewCell.swift in Sources */ = {isa = PBXBuildFile; fileRef = 8C34DAA21B912CC100D9EB8D /* HistoryTableViewCell.swift */; };
		8C34DAA71B924DB500D9EB8D /* HistoryViewController.swift in Sources */ = {isa = PBXBuildFile; fileRef = 8C34DAA61B924DB400D9EB8D /* HistoryViewController.swift */; };
		8CF30E3D1B9528C800F97DA3 /* PageViewController.swift in Sources */ = {isa = PBXBuildFile; fileRef = 8CF30E3C1B9528C800F97DA3 /* PageViewController.swift */; };
		8CF30E431B9535D900F97DA3 /* SettingsTableViewController.swift in Sources */ = {isa = PBXBuildFile; fileRef = 8CF30E421B9535D900F97DA3 /* SettingsTableViewController.swift */; };
		8CF30E451B97D47F00F97DA3 /* MenuViewController.swift in Sources */ = {isa = PBXBuildFile; fileRef = 8CF30E441B97D47F00F97DA3 /* MenuViewController.swift */; };
		8CF30E471B98C99700F97DA3 /* MenuTableViewCell.swift in Sources */ = {isa = PBXBuildFile; fileRef = 8CF30E461B98C99700F97DA3 /* MenuTableViewCell.swift */; };
		8CF30E4B1B98F63500F97DA3 /* MenuPopoverBackgroundView.swift in Sources */ = {isa = PBXBuildFile; fileRef = 8CF30E4A1B98F63500F97DA3 /* MenuPopoverBackgroundView.swift */; };
		8CF994F41B82D05600BC4E44 /* Server.swift in Sources */ = {isa = PBXBuildFile; fileRef = 8CF994F31B82D05600BC4E44 /* Server.swift */; };
		8CF994F81B82E4E600BC4E44 /* ysocket.swift in Sources */ = {isa = PBXBuildFile; fileRef = 8CF994F51B82E4E600BC4E44 /* ysocket.swift */; };
		8CF994F91B82E4E600BC4E44 /* ytcpsocket.c in Sources */ = {isa = PBXBuildFile; fileRef = 8CF994F61B82E4E600BC4E44 /* ytcpsocket.c */; };
		8CF994FA1B82E4E600BC4E44 /* ytcpsocket.swift in Sources */ = {isa = PBXBuildFile; fileRef = 8CF994F71B82E4E600BC4E44 /* ytcpsocket.swift */; };
		8CFEA6871B8D344E00826DB1 /* ResultViewController.swift in Sources */ = {isa = PBXBuildFile; fileRef = 8CFEA6861B8D344E00826DB1 /* ResultViewController.swift */; };
		8CFEA6891B8D3AA700826DB1 /* CoreLocation.framework in Frameworks */ = {isa = PBXBuildFile; fileRef = 8CFEA6881B8D3AA700826DB1 /* CoreLocation.framework */; };
		8CFEA6931B8F575F00826DB1 /* PopArtDataModel.xcdatamodeld in Sources */ = {isa = PBXBuildFile; fileRef = 8CFEA6911B8F575F00826DB1 /* PopArtDataModel.xcdatamodeld */; };
		C71D2FB41BA6890D0044FD0D /* Helvetica-Condensed-Black.otf in Resources */ = {isa = PBXBuildFile; fileRef = C71D2FB01BA6890D0044FD0D /* Helvetica-Condensed-Black.otf */; };
		C71D2FB61BA6890D0044FD0D /* MinionPro-Regular.otf in Resources */ = {isa = PBXBuildFile; fileRef = C71D2FB21BA6890D0044FD0D /* MinionPro-Regular.otf */; };
		C71D2FB71BA6890D0044FD0D /* MyriadPro-Regular.otf in Resources */ = {isa = PBXBuildFile; fileRef = C71D2FB31BA6890D0044FD0D /* MyriadPro-Regular.otf */; };
		C71D2FB91BA68D160044FD0D /* helvetica-regular.otf in Resources */ = {isa = PBXBuildFile; fileRef = C71D2FB81BA68CE40044FD0D /* helvetica-regular.otf */; };
		CE652D5D1B995F07006687BA /* MessageUI.framework in Frameworks */ = {isa = PBXBuildFile; fileRef = CE652D5C1B995F07006687BA /* MessageUI.framework */; };
/* End PBXBuildFile section */

/* Begin PBXContainerItemProxy section */
		8C26558A1B7ED08100648FC5 /* PBXContainerItemProxy */ = {
			isa = PBXContainerItemProxy;
			containerPortal = 8C26556C1B7ED08100648FC5 /* Project object */;
			proxyType = 1;
			remoteGlobalIDString = 8C2655731B7ED08100648FC5;
			remoteInfo = PopArt;
		};
/* End PBXContainerItemProxy section */

/* Begin PBXFileReference section */
		35AC21A9D3B9E9380CB7086D /* Pods.release.xcconfig */ = {isa = PBXFileReference; includeInIndex = 1; lastKnownFileType = text.xcconfig; name = Pods.release.xcconfig; path = "Pods/Target Support Files/Pods/Pods.release.xcconfig"; sourceTree = "<group>"; };
		4787ED3F1B9A51BB00C144B4 /* PopArt-Bridging-Header.h */ = {isa = PBXFileReference; fileEncoding = 4; lastKnownFileType = sourcecode.c.h; path = "PopArt-Bridging-Header.h"; sourceTree = "<group>"; };
		4787ED431B9A5C8D00C144B4 /* google_plus_ios_sdk.framework */ = {isa = PBXFileReference; lastKnownFileType = wrapper.framework; name = google_plus_ios_sdk.framework; path = "Pods/../build/Debug-iphoneos/Pods/google_plus_ios_sdk.framework"; sourceTree = "<group>"; };
		4787ED451B9A5FDC00C144B4 /* GooglePlus.framework */ = {isa = PBXFileReference; lastKnownFileType = wrapper.framework; path = GooglePlus.framework; sourceTree = "<group>"; };
		4787ED471B9A607900C144B4 /* AddressBook.framework */ = {isa = PBXFileReference; lastKnownFileType = wrapper.framework; name = AddressBook.framework; path = System/Library/Frameworks/AddressBook.framework; sourceTree = SDKROOT; };
		4787ED491B9A608000C144B4 /* AssetsLibrary.framework */ = {isa = PBXFileReference; lastKnownFileType = wrapper.framework; name = AssetsLibrary.framework; path = System/Library/Frameworks/AssetsLibrary.framework; sourceTree = SDKROOT; };
		4787ED4B1B9A609D00C144B4 /* CoreMotion.framework */ = {isa = PBXFileReference; lastKnownFileType = wrapper.framework; name = CoreMotion.framework; path = System/Library/Frameworks/CoreMotion.framework; sourceTree = SDKROOT; };
		4787ED4D1B9A60AE00C144B4 /* CoreGraphics.framework */ = {isa = PBXFileReference; lastKnownFileType = wrapper.framework; name = CoreGraphics.framework; path = System/Library/Frameworks/CoreGraphics.framework; sourceTree = SDKROOT; };
		4787ED4F1B9A60B900C144B4 /* CoreText.framework */ = {isa = PBXFileReference; lastKnownFileType = wrapper.framework; name = CoreText.framework; path = System/Library/Frameworks/CoreText.framework; sourceTree = SDKROOT; };
		4787ED511B9A60C300C144B4 /* MediaPlayer.framework */ = {isa = PBXFileReference; lastKnownFileType = wrapper.framework; name = MediaPlayer.framework; path = System/Library/Frameworks/MediaPlayer.framework; sourceTree = SDKROOT; };
		4787ED531B9A60CB00C144B4 /* Security.framework */ = {isa = PBXFileReference; lastKnownFileType = wrapper.framework; name = Security.framework; path = System/Library/Frameworks/Security.framework; sourceTree = SDKROOT; };
		4787ED551B9A60D600C144B4 /* SystemConfiguration.framework */ = {isa = PBXFileReference; lastKnownFileType = wrapper.framework; name = SystemConfiguration.framework; path = System/Library/Frameworks/SystemConfiguration.framework; sourceTree = SDKROOT; };
		4787ED571B9A611700C144B4 /* GoogleOpenSource.framework */ = {isa = PBXFileReference; lastKnownFileType = wrapper.framework; path = GoogleOpenSource.framework; sourceTree = "<group>"; };
		4787ED581B9A611700C144B4 /* GooglePlus.bundle */ = {isa = PBXFileReference; lastKnownFileType = "wrapper.plug-in"; path = GooglePlus.bundle; sourceTree = "<group>"; };
		4A0C59614E4977B9271C859C /* Pods.debug.xcconfig */ = {isa = PBXFileReference; includeInIndex = 1; lastKnownFileType = text.xcconfig; name = Pods.debug.xcconfig; path = "Pods/Target Support Files/Pods/Pods.debug.xcconfig"; sourceTree = "<group>"; };
		8C00DD211B890222009450BD /* SendingPictureViewController.swift */ = {isa = PBXFileReference; fileEncoding = 4; lastKnownFileType = sourcecode.swift; path = SendingPictureViewController.swift; sourceTree = "<group>"; };
		8C2655741B7ED08100648FC5 /* PopsArt.app */ = {isa = PBXFileReference; explicitFileType = wrapper.application; includeInIndex = 0; path = PopsArt.app; sourceTree = BUILT_PRODUCTS_DIR; };
		8C2655781B7ED08100648FC5 /* Info.plist */ = {isa = PBXFileReference; lastKnownFileType = text.plist.xml; path = Info.plist; sourceTree = "<group>"; };
		8C2655791B7ED08100648FC5 /* AppDelegate.swift */ = {isa = PBXFileReference; lastKnownFileType = sourcecode.swift; path = AppDelegate.swift; sourceTree = "<group>"; };
		8C26557B1B7ED08100648FC5 /* ViewController.swift */ = {isa = PBXFileReference; lastKnownFileType = sourcecode.swift; path = ViewController.swift; sourceTree = "<group>"; };
		8C26557E1B7ED08100648FC5 /* Base */ = {isa = PBXFileReference; lastKnownFileType = file.storyboard; name = Base; path = Base.lproj/Main.storyboard; sourceTree = "<group>"; };
		8C2655801B7ED08100648FC5 /* Images.xcassets */ = {isa = PBXFileReference; lastKnownFileType = folder.assetcatalog; path = Images.xcassets; sourceTree = "<group>"; };
		8C2655831B7ED08100648FC5 /* Base */ = {isa = PBXFileReference; lastKnownFileType = file.xib; name = Base; path = Base.lproj/LaunchScreen.xib; sourceTree = "<group>"; };
		8C2655891B7ED08100648FC5 /* PopsArtTests.xctest */ = {isa = PBXFileReference; explicitFileType = wrapper.cfbundle; includeInIndex = 0; path = PopsArtTests.xctest; sourceTree = BUILT_PRODUCTS_DIR; };
		8C26558E1B7ED08100648FC5 /* Info.plist */ = {isa = PBXFileReference; lastKnownFileType = text.plist.xml; path = Info.plist; sourceTree = "<group>"; };
		8C26558F1B7ED08100648FC5 /* PopArtTests.swift */ = {isa = PBXFileReference; lastKnownFileType = sourcecode.swift; path = PopArtTests.swift; sourceTree = "<group>"; };
		8C34DAA21B912CC100D9EB8D /* HistoryTableViewCell.swift */ = {isa = PBXFileReference; fileEncoding = 4; lastKnownFileType = sourcecode.swift; path = HistoryTableViewCell.swift; sourceTree = "<group>"; };
		8C34DAA61B924DB400D9EB8D /* HistoryViewController.swift */ = {isa = PBXFileReference; fileEncoding = 4; lastKnownFileType = sourcecode.swift; path = HistoryViewController.swift; sourceTree = "<group>"; };
		8CF30E3C1B9528C800F97DA3 /* PageViewController.swift */ = {isa = PBXFileReference; fileEncoding = 4; lastKnownFileType = sourcecode.swift; path = PageViewController.swift; sourceTree = "<group>"; };
		8CF30E421B9535D900F97DA3 /* SettingsTableViewController.swift */ = {isa = PBXFileReference; fileEncoding = 4; lastKnownFileType = sourcecode.swift; path = SettingsTableViewController.swift; sourceTree = "<group>"; };
		8CF30E441B97D47F00F97DA3 /* MenuViewController.swift */ = {isa = PBXFileReference; fileEncoding = 4; lastKnownFileType = sourcecode.swift; path = MenuViewController.swift; sourceTree = "<group>"; };
		8CF30E461B98C99700F97DA3 /* MenuTableViewCell.swift */ = {isa = PBXFileReference; fileEncoding = 4; lastKnownFileType = sourcecode.swift; path = MenuTableViewCell.swift; sourceTree = "<group>"; };
		8CF30E4A1B98F63500F97DA3 /* MenuPopoverBackgroundView.swift */ = {isa = PBXFileReference; fileEncoding = 4; lastKnownFileType = sourcecode.swift; path = MenuPopoverBackgroundView.swift; sourceTree = "<group>"; };
		8CF994F31B82D05600BC4E44 /* Server.swift */ = {isa = PBXFileReference; fileEncoding = 4; lastKnownFileType = sourcecode.swift; path = Server.swift; sourceTree = "<group>"; };
		8CF994F51B82E4E600BC4E44 /* ysocket.swift */ = {isa = PBXFileReference; fileEncoding = 4; lastKnownFileType = sourcecode.swift; path = ysocket.swift; sourceTree = "<group>"; };
		8CF994F61B82E4E600BC4E44 /* ytcpsocket.c */ = {isa = PBXFileReference; fileEncoding = 4; lastKnownFileType = sourcecode.c.c; path = ytcpsocket.c; sourceTree = "<group>"; };
		8CF994F71B82E4E600BC4E44 /* ytcpsocket.swift */ = {isa = PBXFileReference; fileEncoding = 4; lastKnownFileType = sourcecode.swift; path = ytcpsocket.swift; sourceTree = "<group>"; };
		8CFEA6861B8D344E00826DB1 /* ResultViewController.swift */ = {isa = PBXFileReference; fileEncoding = 4; lastKnownFileType = sourcecode.swift; path = ResultViewController.swift; sourceTree = "<group>"; };
		8CFEA6881B8D3AA700826DB1 /* CoreLocation.framework */ = {isa = PBXFileReference; lastKnownFileType = wrapper.framework; name = CoreLocation.framework; path = System/Library/Frameworks/CoreLocation.framework; sourceTree = SDKROOT; };
		8CFEA6921B8F575F00826DB1 /* PopArtDataModel.xcdatamodel */ = {isa = PBXFileReference; lastKnownFileType = wrapper.xcdatamodel; path = PopArtDataModel.xcdatamodel; sourceTree = "<group>"; };
		C71D2FB01BA6890D0044FD0D /* Helvetica-Condensed-Black.otf */ = {isa = PBXFileReference; lastKnownFileType = file; path = "Helvetica-Condensed-Black.otf"; sourceTree = "<group>"; };
		C71D2FB21BA6890D0044FD0D /* MinionPro-Regular.otf */ = {isa = PBXFileReference; lastKnownFileType = file; path = "MinionPro-Regular.otf"; sourceTree = "<group>"; };
		C71D2FB31BA6890D0044FD0D /* MyriadPro-Regular.otf */ = {isa = PBXFileReference; lastKnownFileType = file; path = "MyriadPro-Regular.otf"; sourceTree = "<group>"; };
		C71D2FB81BA68CE40044FD0D /* helvetica-regular.otf */ = {isa = PBXFileReference; lastKnownFileType = file; path = "helvetica-regular.otf"; sourceTree = "<group>"; };
		CE652D5C1B995F07006687BA /* MessageUI.framework */ = {isa = PBXFileReference; lastKnownFileType = wrapper.framework; name = MessageUI.framework; path = System/Library/Frameworks/MessageUI.framework; sourceTree = SDKROOT; };
		D30CAD5554801A3D6E8E4D0A /* Pods.framework */ = {isa = PBXFileReference; explicitFileType = wrapper.framework; includeInIndex = 0; path = Pods.framework; sourceTree = BUILT_PRODUCTS_DIR; };
/* End PBXFileReference section */

/* Begin PBXFrameworksBuildPhase section */
		8C2655711B7ED08100648FC5 /* Frameworks */ = {
			isa = PBXFrameworksBuildPhase;
			buildActionMask = 2147483647;
			files = (
				4787ED561B9A60D600C144B4 /* SystemConfiguration.framework in Frameworks */,
				4787ED541B9A60CB00C144B4 /* Security.framework in Frameworks */,
				4787ED591B9A611700C144B4 /* GoogleOpenSource.framework in Frameworks */,
				4787ED521B9A60C300C144B4 /* MediaPlayer.framework in Frameworks */,
				4787ED501B9A60B900C144B4 /* CoreText.framework in Frameworks */,
				4787ED4E1B9A60AE00C144B4 /* CoreGraphics.framework in Frameworks */,
				4787ED4C1B9A609D00C144B4 /* CoreMotion.framework in Frameworks */,
				8CFEA6891B8D3AA700826DB1 /* CoreLocation.framework in Frameworks */,
				4787ED4A1B9A608000C144B4 /* AssetsLibrary.framework in Frameworks */,
				4787ED481B9A607900C144B4 /* AddressBook.framework in Frameworks */,
				4787ED461B9A5FDC00C144B4 /* GooglePlus.framework in Frameworks */,
				CE652D5D1B995F07006687BA /* MessageUI.framework in Frameworks */,
				2AE6D526DCF6347D9B6D48CF /* Pods.framework in Frameworks */,
			);
			runOnlyForDeploymentPostprocessing = 0;
		};
		8C2655861B7ED08100648FC5 /* Frameworks */ = {
			isa = PBXFrameworksBuildPhase;
			buildActionMask = 2147483647;
			files = (
			);
			runOnlyForDeploymentPostprocessing = 0;
		};
/* End PBXFrameworksBuildPhase section */

/* Begin PBXGroup section */
		000FD3744874D4D1B4054683 /* Frameworks */ = {
			isa = PBXGroup;
			children = (
				4787ED551B9A60D600C144B4 /* SystemConfiguration.framework */,
				4787ED531B9A60CB00C144B4 /* Security.framework */,
				4787ED511B9A60C300C144B4 /* MediaPlayer.framework */,
				4787ED4F1B9A60B900C144B4 /* CoreText.framework */,
				4787ED4D1B9A60AE00C144B4 /* CoreGraphics.framework */,
				4787ED4B1B9A609D00C144B4 /* CoreMotion.framework */,
				4787ED491B9A608000C144B4 /* AssetsLibrary.framework */,
				4787ED471B9A607900C144B4 /* AddressBook.framework */,
				4787ED431B9A5C8D00C144B4 /* google_plus_ios_sdk.framework */,
				D30CAD5554801A3D6E8E4D0A /* Pods.framework */,
			);
			name = Frameworks;
			sourceTree = "<group>";
		};
		23102BD3A06F510C42C00CD1 /* Pods */ = {
			isa = PBXGroup;
			children = (
				4A0C59614E4977B9271C859C /* Pods.debug.xcconfig */,
				35AC21A9D3B9E9380CB7086D /* Pods.release.xcconfig */,
			);
			name = Pods;
			sourceTree = "<group>";
		};
		8C26556B1B7ED08100648FC5 = {
			isa = PBXGroup;
			children = (
				4787ED571B9A611700C144B4 /* GoogleOpenSource.framework */,
				4787ED581B9A611700C144B4 /* GooglePlus.bundle */,
				4787ED451B9A5FDC00C144B4 /* GooglePlus.framework */,
				4787ED3F1B9A51BB00C144B4 /* PopArt-Bridging-Header.h */,
				CE652D5C1B995F07006687BA /* MessageUI.framework */,
				8CFEA6881B8D3AA700826DB1 /* CoreLocation.framework */,
				8C2655761B7ED08100648FC5 /* PopArt */,
				8C26558C1B7ED08100648FC5 /* PopArtTests */,
				8C2655751B7ED08100648FC5 /* Products */,
				23102BD3A06F510C42C00CD1 /* Pods */,
				000FD3744874D4D1B4054683 /* Frameworks */,
			);
			sourceTree = "<group>";
		};
		8C2655751B7ED08100648FC5 /* Products */ = {
			isa = PBXGroup;
			children = (
				8C2655741B7ED08100648FC5 /* PopsArt.app */,
				8C2655891B7ED08100648FC5 /* PopsArtTests.xctest */,
			);
			name = Products;
			sourceTree = "<group>";
		};
		8C2655761B7ED08100648FC5 /* PopArt */ = {
			isa = PBXGroup;
			children = (
				8CF994F51B82E4E600BC4E44 /* ysocket.swift */,
				8CF994F61B82E4E600BC4E44 /* ytcpsocket.c */,
				8CF994F71B82E4E600BC4E44 /* ytcpsocket.swift */,
				8C2655791B7ED08100648FC5 /* AppDelegate.swift */,
				8CFEA6911B8F575F00826DB1 /* PopArtDataModel.xcdatamodeld */,
				8C26557B1B7ED08100648FC5 /* ViewController.swift */,
				8CF30E3C1B9528C800F97DA3 /* PageViewController.swift */,
				8C34DAA61B924DB400D9EB8D /* HistoryViewController.swift */,
				8C26557D1B7ED08100648FC5 /* Main.storyboard */,
				8CF30E461B98C99700F97DA3 /* MenuTableViewCell.swift */,
				8CF30E441B97D47F00F97DA3 /* MenuViewController.swift */,
				8CF30E4A1B98F63500F97DA3 /* MenuPopoverBackgroundView.swift */,
				8CF30E421B9535D900F97DA3 /* SettingsTableViewController.swift */,
				8C34DAA21B912CC100D9EB8D /* HistoryTableViewCell.swift */,
				8C00DD211B890222009450BD /* SendingPictureViewController.swift */,
				8C2655801B7ED08100648FC5 /* Images.xcassets */,
				8C2655821B7ED08100648FC5 /* LaunchScreen.xib */,
				C71D2FAD1BA687DC0044FD0D /* Custom Fonts */,
				8C2655771B7ED08100648FC5 /* Supporting Files */,
				8CF994F31B82D05600BC4E44 /* Server.swift */,
				8CFEA6861B8D344E00826DB1 /* ResultViewController.swift */,
			);
			path = PopArt;
			sourceTree = "<group>";
		};
		8C2655771B7ED08100648FC5 /* Supporting Files */ = {
			isa = PBXGroup;
			children = (
				8C2655781B7ED08100648FC5 /* Info.plist */,
			);
			name = "Supporting Files";
			sourceTree = "<group>";
		};
		8C26558C1B7ED08100648FC5 /* PopArtTests */ = {
			isa = PBXGroup;
			children = (
				8C26558F1B7ED08100648FC5 /* PopArtTests.swift */,
				8C26558D1B7ED08100648FC5 /* Supporting Files */,
			);
			path = PopArtTests;
			sourceTree = "<group>";
		};
		8C26558D1B7ED08100648FC5 /* Supporting Files */ = {
			isa = PBXGroup;
			children = (
				8C26558E1B7ED08100648FC5 /* Info.plist */,
			);
			name = "Supporting Files";
			sourceTree = "<group>";
		};
		C71D2FAD1BA687DC0044FD0D /* Custom Fonts */ = {
			isa = PBXGroup;
			children = (
				C71D2FB81BA68CE40044FD0D /* helvetica-regular.otf */,
				C71D2FB01BA6890D0044FD0D /* Helvetica-Condensed-Black.otf */,
				C71D2FB21BA6890D0044FD0D /* MinionPro-Regular.otf */,
				C71D2FB31BA6890D0044FD0D /* MyriadPro-Regular.otf */,
			);
			name = "Custom Fonts";
			sourceTree = "<group>";
		};
/* End PBXGroup section */

/* Begin PBXNativeTarget section */
		8C2655731B7ED08100648FC5 /* PopsArt */ = {
			isa = PBXNativeTarget;
			buildConfigurationList = 8C2655931B7ED08100648FC5 /* Build configuration list for PBXNativeTarget "PopsArt" */;
			buildPhases = (
				E6AEC15391F853FD019136E3 /* Check Pods Manifest.lock */,
				8C2655701B7ED08100648FC5 /* Sources */,
				8C2655711B7ED08100648FC5 /* Frameworks */,
				8C2655721B7ED08100648FC5 /* Resources */,
				71257AADFCA5A28B1C6B113A /* Embed Pods Frameworks */,
				6585640AA3AD27973D207748 /* Copy Pods Resources */,
			);
			buildRules = (
			);
			dependencies = (
			);
			name = PopsArt;
			productName = PopArt;
			productReference = 8C2655741B7ED08100648FC5 /* PopsArt.app */;
			productType = "com.apple.product-type.application";
		};
		8C2655881B7ED08100648FC5 /* PopsArtTests */ = {
			isa = PBXNativeTarget;
			buildConfigurationList = 8C2655961B7ED08100648FC5 /* Build configuration list for PBXNativeTarget "PopsArtTests" */;
			buildPhases = (
				8C2655851B7ED08100648FC5 /* Sources */,
				8C2655861B7ED08100648FC5 /* Frameworks */,
				8C2655871B7ED08100648FC5 /* Resources */,
			);
			buildRules = (
			);
			dependencies = (
				8C26558B1B7ED08100648FC5 /* PBXTargetDependency */,
			);
			name = PopsArtTests;
			productName = PopArtTests;
			productReference = 8C2655891B7ED08100648FC5 /* PopsArtTests.xctest */;
			productType = "com.apple.product-type.bundle.unit-test";
		};
/* End PBXNativeTarget section */

/* Begin PBXProject section */
		8C26556C1B7ED08100648FC5 /* Project object */ = {
			isa = PBXProject;
			attributes = {
				LastUpgradeCheck = 0640;
				ORGANIZATIONNAME = "Netronian Inc.";
				TargetAttributes = {
					8C2655731B7ED08100648FC5 = {
						CreatedOnToolsVersion = 6.4;
					};
					8C2655881B7ED08100648FC5 = {
						CreatedOnToolsVersion = 6.4;
						TestTargetID = 8C2655731B7ED08100648FC5;
					};
				};
			};
			buildConfigurationList = 8C26556F1B7ED08100648FC5 /* Build configuration list for PBXProject "PopsArt" */;
			compatibilityVersion = "Xcode 3.2";
			developmentRegion = English;
			hasScannedForEncodings = 0;
			knownRegions = (
				en,
				Base,
			);
			mainGroup = 8C26556B1B7ED08100648FC5;
			productRefGroup = 8C2655751B7ED08100648FC5 /* Products */;
			projectDirPath = "";
			projectRoot = "";
			targets = (
				8C2655731B7ED08100648FC5 /* PopsArt */,
				8C2655881B7ED08100648FC5 /* PopsArtTests */,
			);
		};
/* End PBXProject section */

/* Begin PBXResourcesBuildPhase section */
		8C2655721B7ED08100648FC5 /* Resources */ = {
			isa = PBXResourcesBuildPhase;
			buildActionMask = 2147483647;
			files = (
				C71D2FB91BA68D160044FD0D /* helvetica-regular.otf in Resources */,
				C71D2FB41BA6890D0044FD0D /* Helvetica-Condensed-Black.otf in Resources */,
				8C26557F1B7ED08100648FC5 /* Main.storyboard in Resources */,
				C71D2FB71BA6890D0044FD0D /* MyriadPro-Regular.otf in Resources */,
				8C2655841B7ED08100648FC5 /* LaunchScreen.xib in Resources */,
				C71D2FB61BA6890D0044FD0D /* MinionPro-Regular.otf in Resources */,
				4787ED5A1B9A611700C144B4 /* GooglePlus.bundle in Resources */,
				8C2655811B7ED08100648FC5 /* Images.xcassets in Resources */,
			);
			runOnlyForDeploymentPostprocessing = 0;
		};
		8C2655871B7ED08100648FC5 /* Resources */ = {
			isa = PBXResourcesBuildPhase;
			buildActionMask = 2147483647;
			files = (
			);
			runOnlyForDeploymentPostprocessing = 0;
		};
/* End PBXResourcesBuildPhase section */

/* Begin PBXShellScriptBuildPhase section */
		6585640AA3AD27973D207748 /* Copy Pods Resources */ = {
			isa = PBXShellScriptBuildPhase;
			buildActionMask = 2147483647;
			files = (
			);
			inputPaths = (
			);
			name = "Copy Pods Resources";
			outputPaths = (
			);
			runOnlyForDeploymentPostprocessing = 0;
			shellPath = /bin/sh;
			shellScript = "\"${SRCROOT}/Pods/Target Support Files/Pods/Pods-resources.sh\"\n";
			showEnvVarsInLog = 0;
		};
		71257AADFCA5A28B1C6B113A /* Embed Pods Frameworks */ = {
			isa = PBXShellScriptBuildPhase;
			buildActionMask = 2147483647;
			files = (
			);
			inputPaths = (
			);
			name = "Embed Pods Frameworks";
			outputPaths = (
			);
			runOnlyForDeploymentPostprocessing = 0;
			shellPath = /bin/sh;
			shellScript = "\"${SRCROOT}/Pods/Target Support Files/Pods/Pods-frameworks.sh\"\n";
			showEnvVarsInLog = 0;
		};
		E6AEC15391F853FD019136E3 /* Check Pods Manifest.lock */ = {
			isa = PBXShellScriptBuildPhase;
			buildActionMask = 2147483647;
			files = (
			);
			inputPaths = (
			);
			name = "Check Pods Manifest.lock";
			outputPaths = (
			);
			runOnlyForDeploymentPostprocessing = 0;
			shellPath = /bin/sh;
			shellScript = "diff \"${PODS_ROOT}/../Podfile.lock\" \"${PODS_ROOT}/Manifest.lock\" > /dev/null\nif [[ $? != 0 ]] ; then\n    cat << EOM\nerror: The sandbox is not in sync with the Podfile.lock. Run 'pod install' or update your CocoaPods installation.\nEOM\n    exit 1\nfi\n";
			showEnvVarsInLog = 0;
		};
/* End PBXShellScriptBuildPhase section */

/* Begin PBXSourcesBuildPhase section */
		8C2655701B7ED08100648FC5 /* Sources */ = {
			isa = PBXSourcesBuildPhase;
			buildActionMask = 2147483647;
			files = (
				8CF994F81B82E4E600BC4E44 /* ysocket.swift in Sources */,
				8CFEA6931B8F575F00826DB1 /* PopArtDataModel.xcdatamodeld in Sources */,
				8C34DAA31B912CC100D9EB8D /* HistoryTableViewCell.swift in Sources */,
				8CF994F41B82D05600BC4E44 /* Server.swift in Sources */,
				8C34DAA71B924DB500D9EB8D /* HistoryViewController.swift in Sources */,
				8CF30E4B1B98F63500F97DA3 /* MenuPopoverBackgroundView.swift in Sources */,
				8CF30E471B98C99700F97DA3 /* MenuTableViewCell.swift in Sources */,
				8CF30E3D1B9528C800F97DA3 /* PageViewController.swift in Sources */,
				8CF30E451B97D47F00F97DA3 /* MenuViewController.swift in Sources */,
				8C00DD221B890222009450BD /* SendingPictureViewController.swift in Sources */,
				8CFEA6871B8D344E00826DB1 /* ResultViewController.swift in Sources */,
				8CF994FA1B82E4E600BC4E44 /* ytcpsocket.swift in Sources */,
				8CF30E431B9535D900F97DA3 /* SettingsTableViewController.swift in Sources */,
				8C26557C1B7ED08100648FC5 /* ViewController.swift in Sources */,
				8C26557A1B7ED08100648FC5 /* AppDelegate.swift in Sources */,
				8CF994F91B82E4E600BC4E44 /* ytcpsocket.c in Sources */,
			);
			runOnlyForDeploymentPostprocessing = 0;
		};
		8C2655851B7ED08100648FC5 /* Sources */ = {
			isa = PBXSourcesBuildPhase;
			buildActionMask = 2147483647;
			files = (
				8C2655901B7ED08100648FC5 /* PopArtTests.swift in Sources */,
			);
			runOnlyForDeploymentPostprocessing = 0;
		};
/* End PBXSourcesBuildPhase section */

/* Begin PBXTargetDependency section */
		8C26558B1B7ED08100648FC5 /* PBXTargetDependency */ = {
			isa = PBXTargetDependency;
			target = 8C2655731B7ED08100648FC5 /* PopsArt */;
			targetProxy = 8C26558A1B7ED08100648FC5 /* PBXContainerItemProxy */;
		};
/* End PBXTargetDependency section */

/* Begin PBXVariantGroup section */
		8C26557D1B7ED08100648FC5 /* Main.storyboard */ = {
			isa = PBXVariantGroup;
			children = (
				8C26557E1B7ED08100648FC5 /* Base */,
			);
			name = Main.storyboard;
			sourceTree = "<group>";
		};
		8C2655821B7ED08100648FC5 /* LaunchScreen.xib */ = {
			isa = PBXVariantGroup;
			children = (
				8C2655831B7ED08100648FC5 /* Base */,
			);
			name = LaunchScreen.xib;
			sourceTree = "<group>";
		};
/* End PBXVariantGroup section */

/* Begin XCBuildConfiguration section */
		8C2655911B7ED08100648FC5 /* Debug */ = {
			isa = XCBuildConfiguration;
			buildSettings = {
				ALWAYS_SEARCH_USER_PATHS = NO;
				CLANG_CXX_LANGUAGE_STANDARD = "gnu++0x";
				CLANG_CXX_LIBRARY = "libc++";
				CLANG_ENABLE_MODULES = YES;
				CLANG_ENABLE_OBJC_ARC = YES;
				CLANG_WARN_BOOL_CONVERSION = YES;
				CLANG_WARN_CONSTANT_CONVERSION = YES;
				CLANG_WARN_DIRECT_OBJC_ISA_USAGE = YES_ERROR;
				CLANG_WARN_EMPTY_BODY = YES;
				CLANG_WARN_ENUM_CONVERSION = YES;
				CLANG_WARN_INT_CONVERSION = YES;
				CLANG_WARN_OBJC_ROOT_CLASS = YES_ERROR;
				CLANG_WARN_UNREACHABLE_CODE = YES;
				CLANG_WARN__DUPLICATE_METHOD_MATCH = YES;
				"CODE_SIGN_IDENTITY[sdk=iphoneos*]" = "iPhone Developer";
				COPY_PHASE_STRIP = NO;
				DEBUG_INFORMATION_FORMAT = "dwarf-with-dsym";
				ENABLE_STRICT_OBJC_MSGSEND = YES;
				GCC_C_LANGUAGE_STANDARD = gnu99;
				GCC_DYNAMIC_NO_PIC = NO;
				GCC_NO_COMMON_BLOCKS = YES;
				GCC_OPTIMIZATION_LEVEL = 0;
				GCC_PREPROCESSOR_DEFINITIONS = (
					"DEBUG=1",
					"$(inherited)",
				);
				GCC_SYMBOLS_PRIVATE_EXTERN = NO;
				GCC_WARN_64_TO_32_BIT_CONVERSION = YES;
				GCC_WARN_ABOUT_RETURN_TYPE = YES_ERROR;
				GCC_WARN_UNDECLARED_SELECTOR = YES;
				GCC_WARN_UNINITIALIZED_AUTOS = YES_AGGRESSIVE;
				GCC_WARN_UNUSED_FUNCTION = YES;
				GCC_WARN_UNUSED_VARIABLE = YES;
				IPHONEOS_DEPLOYMENT_TARGET = 8.4;
				MTL_ENABLE_DEBUG_INFO = YES;
				ONLY_ACTIVE_ARCH = YES;
				SDKROOT = iphoneos;
				SWIFT_OPTIMIZATION_LEVEL = "-Onone";
				TARGETED_DEVICE_FAMILY = "1,2";
				VALID_ARCHS = "armv7 armv7s arm64";
			};
			name = Debug;
		};
		8C2655921B7ED08100648FC5 /* Release */ = {
			isa = XCBuildConfiguration;
			buildSettings = {
				ALWAYS_SEARCH_USER_PATHS = NO;
				CLANG_CXX_LANGUAGE_STANDARD = "gnu++0x";
				CLANG_CXX_LIBRARY = "libc++";
				CLANG_ENABLE_MODULES = YES;
				CLANG_ENABLE_OBJC_ARC = YES;
				CLANG_WARN_BOOL_CONVERSION = YES;
				CLANG_WARN_CONSTANT_CONVERSION = YES;
				CLANG_WARN_DIRECT_OBJC_ISA_USAGE = YES_ERROR;
				CLANG_WARN_EMPTY_BODY = YES;
				CLANG_WARN_ENUM_CONVERSION = YES;
				CLANG_WARN_INT_CONVERSION = YES;
				CLANG_WARN_OBJC_ROOT_CLASS = YES_ERROR;
				CLANG_WARN_UNREACHABLE_CODE = YES;
				CLANG_WARN__DUPLICATE_METHOD_MATCH = YES;
				"CODE_SIGN_IDENTITY[sdk=iphoneos*]" = "iPhone Developer";
				COPY_PHASE_STRIP = NO;
				DEBUG_INFORMATION_FORMAT = "dwarf-with-dsym";
				ENABLE_NS_ASSERTIONS = NO;
				ENABLE_STRICT_OBJC_MSGSEND = YES;
				GCC_C_LANGUAGE_STANDARD = gnu99;
				GCC_NO_COMMON_BLOCKS = YES;
				GCC_WARN_64_TO_32_BIT_CONVERSION = YES;
				GCC_WARN_ABOUT_RETURN_TYPE = YES_ERROR;
				GCC_WARN_UNDECLARED_SELECTOR = YES;
				GCC_WARN_UNINITIALIZED_AUTOS = YES_AGGRESSIVE;
				GCC_WARN_UNUSED_FUNCTION = YES;
				GCC_WARN_UNUSED_VARIABLE = YES;
				IPHONEOS_DEPLOYMENT_TARGET = 8.4;
				MTL_ENABLE_DEBUG_INFO = NO;
				SDKROOT = iphoneos;
				TARGETED_DEVICE_FAMILY = "1,2";
				VALIDATE_PRODUCT = YES;
				VALID_ARCHS = "armv7 armv7s arm64";
			};
			name = Release;
		};
		8C2655941B7ED08100648FC5 /* Debug */ = {
			isa = XCBuildConfiguration;
			baseConfigurationReference = 4A0C59614E4977B9271C859C /* Pods.debug.xcconfig */;
			buildSettings = {
				ALWAYS_SEARCH_USER_PATHS = NO;
				ASSETCATALOG_COMPILER_APPICON_NAME = AppIcon;
				FRAMEWORK_SEARCH_PATHS = (
					"$(inherited)",
					"$(PROJECT_DIR)",
				);
				HEADER_SEARCH_PATHS = (
					"$(inherited)",
					/Applications/Xcode.app/Contents/Developer/Toolchains/XcodeDefault.xctoolchain/usr/include,
				);
				INFOPLIST_FILE = PopArt/Info.plist;
				IPHONEOS_DEPLOYMENT_TARGET = 8.2;
				LD_RUNPATH_SEARCH_PATHS = "$(inherited) @executable_path/Frameworks";
				LIBRARY_SEARCH_PATHS = "";
				PRODUCT_NAME = PopsArt;
				SWIFT_OBJC_BRIDGING_HEADER = "PopArt-Bridging-Header.h";
				TARGETED_DEVICE_FAMILY = "1,2";
				USER_HEADER_SEARCH_PATHS = "";
				VALID_ARCHS = "armv7 armv7s arm64";
			};
			name = Debug;
		};
		8C2655951B7ED08100648FC5 /* Release */ = {
			isa = XCBuildConfiguration;
			baseConfigurationReference = 35AC21A9D3B9E9380CB7086D /* Pods.release.xcconfig */;
			buildSettings = {
				ALWAYS_SEARCH_USER_PATHS = NO;
				ASSETCATALOG_COMPILER_APPICON_NAME = AppIcon;
				FRAMEWORK_SEARCH_PATHS = (
					"$(inherited)",
					"$(PROJECT_DIR)",
				);
				HEADER_SEARCH_PATHS = (
					"$(inherited)",
					/Applications/Xcode.app/Contents/Developer/Toolchains/XcodeDefault.xctoolchain/usr/include,
				);
				INFOPLIST_FILE = PopArt/Info.plist;
				IPHONEOS_DEPLOYMENT_TARGET = 8.2;
				LD_RUNPATH_SEARCH_PATHS = "$(inherited) @executable_path/Frameworks";
				LIBRARY_SEARCH_PATHS = "";
				PRODUCT_NAME = PopsArt;
				SWIFT_OBJC_BRIDGING_HEADER = "PopArt-Bridging-Header.h";
				TARGETED_DEVICE_FAMILY = "1,2";
				USER_HEADER_SEARCH_PATHS = "";
				VALID_ARCHS = "armv7 armv7s arm64";
			};
			name = Release;
		};
		8C2655971B7ED08100648FC5 /* Debug */ = {
			isa = XCBuildConfiguration;
			buildSettings = {
				BUNDLE_LOADER = "$(TEST_HOST)";
				FRAMEWORK_SEARCH_PATHS = (
					"$(SDKROOT)/Developer/Library/Frameworks",
					"$(inherited)",
				);
				GCC_PREPROCESSOR_DEFINITIONS = (
					"DEBUG=1",
					"$(inherited)",
				);
				INFOPLIST_FILE = PopArtTests/Info.plist;
				LD_RUNPATH_SEARCH_PATHS = "$(inherited) @executable_path/Frameworks @loader_path/Frameworks";
				PRODUCT_NAME = PopsArtTests;
				TEST_HOST = "$(BUILT_PRODUCTS_DIR)/PopArt.app/PopArt";
			};
			name = Debug;
		};
		8C2655981B7ED08100648FC5 /* Release */ = {
			isa = XCBuildConfiguration;
			buildSettings = {
				BUNDLE_LOADER = "$(TEST_HOST)";
				FRAMEWORK_SEARCH_PATHS = (
					"$(SDKROOT)/Developer/Library/Frameworks",
					"$(inherited)",
				);
				INFOPLIST_FILE = PopArtTests/Info.plist;
				LD_RUNPATH_SEARCH_PATHS = "$(inherited) @executable_path/Frameworks @loader_path/Frameworks";
				PRODUCT_NAME = PopsArtTests;
				TEST_HOST = "$(BUILT_PRODUCTS_DIR)/PopArt.app/PopArt";
			};
			name = Release;
		};
/* End XCBuildConfiguration section */

/* Begin XCConfigurationList section */
		8C26556F1B7ED08100648FC5 /* Build configuration list for PBXProject "PopsArt" */ = {
			isa = XCConfigurationList;
			buildConfigurations = (
				8C2655911B7ED08100648FC5 /* Debug */,
				8C2655921B7ED08100648FC5 /* Release */,
			);
			defaultConfigurationIsVisible = 0;
			defaultConfigurationName = Release;
		};
		8C2655931B7ED08100648FC5 /* Build configuration list for PBXNativeTarget "PopsArt" */ = {
			isa = XCConfigurationList;
			buildConfigurations = (
				8C2655941B7ED08100648FC5 /* Debug */,
				8C2655951B7ED08100648FC5 /* Release */,
			);
			defaultConfigurationIsVisible = 0;
			defaultConfigurationName = Release;
		};
		8C2655961B7ED08100648FC5 /* Build configuration list for PBXNativeTarget "PopsArtTests" */ = {
			isa = XCConfigurationList;
			buildConfigurations = (
				8C2655971B7ED08100648FC5 /* Debug */,
				8C2655981B7ED08100648FC5 /* Release */,
			);
			defaultConfigurationIsVisible = 0;
			defaultConfigurationName = Release;
		};
/* End XCConfigurationList section */

/* Begin XCVersionGroup section */
		8CFEA6911B8F575F00826DB1 /* PopArtDataModel.xcdatamodeld */ = {
			isa = XCVersionGroup;
			children = (
				8CFEA6921B8F575F00826DB1 /* PopArtDataModel.xcdatamodel */,
			);
			currentVersion = 8CFEA6921B8F575F00826DB1 /* PopArtDataModel.xcdatamodel */;
			path = PopArtDataModel.xcdatamodeld;
			sourceTree = "<group>";
			versionGroupType = wrapper.xcdatamodel;
		};
/* End XCVersionGroup section */
	};
	rootObject = 8C26556C1B7ED08100648FC5 /* Project object */;
}
